// !$*UTF8*$!
{
	archiveVersion = 1;
	classes = {
	};
	objectVersion = 46;
	objects = {

/* Begin PBXBuildFile section */
		7A0327C31D03C918001A2EE0 /* HamburgerButton.swift in Sources */ = {isa = PBXBuildFile; fileRef = 7A0327C21D03C918001A2EE0 /* HamburgerButton.swift */; };
		7A48EBE71CFE96080066E0FA /* Podfile in Resources */ = {isa = PBXBuildFile; fileRef = 7A48EBE61CFE96080066E0FA /* Podfile */; };
		7A48EBED1CFE9DE40066E0FA /* ACButton.swift in Sources */ = {isa = PBXBuildFile; fileRef = 7A48EBEC1CFE9DE40066E0FA /* ACButton.swift */; };
		7A7A0ACC1CF9EC62003617EA /* AppDelegate.swift in Sources */ = {isa = PBXBuildFile; fileRef = 7A7A0ACB1CF9EC62003617EA /* AppDelegate.swift */; };
		7A7A0ACE1CF9EC62003617EA /* ViewController.swift in Sources */ = {isa = PBXBuildFile; fileRef = 7A7A0ACD1CF9EC62003617EA /* ViewController.swift */; };
		7A7A0AD11CF9EC62003617EA /* Main.storyboard in Resources */ = {isa = PBXBuildFile; fileRef = 7A7A0ACF1CF9EC62003617EA /* Main.storyboard */; };
		7A7A0AD41CF9EC62003617EA /* amidakuji.xcdatamodeld in Sources */ = {isa = PBXBuildFile; fileRef = 7A7A0AD21CF9EC62003617EA /* amidakuji.xcdatamodeld */; };
		7A7A0AD61CF9EC62003617EA /* Assets.xcassets in Resources */ = {isa = PBXBuildFile; fileRef = 7A7A0AD51CF9EC62003617EA /* Assets.xcassets */; };
		7A7A0AD91CF9EC62003617EA /* LaunchScreen.storyboard in Resources */ = {isa = PBXBuildFile; fileRef = 7A7A0AD71CF9EC62003617EA /* LaunchScreen.storyboard */; };
		7A7A0AE41CF9EC62003617EA /* amidakujiTests.swift in Sources */ = {isa = PBXBuildFile; fileRef = 7A7A0AE31CF9EC62003617EA /* amidakujiTests.swift */; };
		D4B8D6A22FCC7917A54A1264 /* libPods-amidakuji.a in Frameworks */ = {isa = PBXBuildFile; fileRef = DC1F7A99A39CFFABEA1155EE /* libPods-amidakuji.a */; };
/* End PBXBuildFile section */

/* Begin PBXContainerItemProxy section */
		7A7A0AE01CF9EC62003617EA /* PBXContainerItemProxy */ = {
			isa = PBXContainerItemProxy;
			containerPortal = 7A7A0AC01CF9EC62003617EA /* Project object */;
			proxyType = 1;
			remoteGlobalIDString = 7A7A0AC71CF9EC62003617EA;
			remoteInfo = amidakuji;
		};
/* End PBXContainerItemProxy section */

/* Begin PBXFileReference section */
		7A0327C21D03C918001A2EE0 /* HamburgerButton.swift */ = {isa = PBXFileReference; fileEncoding = 4; lastKnownFileType = sourcecode.swift; path = HamburgerButton.swift; sourceTree = "<group>"; };
		7A48EBE61CFE96080066E0FA /* Podfile */ = {isa = PBXFileReference; fileEncoding = 4; lastKnownFileType = text; path = Podfile; sourceTree = "<group>"; };
		7A48EBE81CFE98E90066E0FA /* amidakuji-Bridging-Header.h */ = {isa = PBXFileReference; lastKnownFileType = sourcecode.c.h; path = "amidakuji-Bridging-Header.h"; sourceTree = "<group>"; };
		7A48EBEC1CFE9DE40066E0FA /* ACButton.swift */ = {isa = PBXFileReference; fileEncoding = 4; lastKnownFileType = sourcecode.swift; path = ACButton.swift; sourceTree = "<group>"; };
		7A7A0AC81CF9EC62003617EA /* amidakuji.app */ = {isa = PBXFileReference; explicitFileType = wrapper.application; includeInIndex = 0; path = amidakuji.app; sourceTree = BUILT_PRODUCTS_DIR; };
		7A7A0ACB1CF9EC62003617EA /* AppDelegate.swift */ = {isa = PBXFileReference; lastKnownFileType = sourcecode.swift; path = AppDelegate.swift; sourceTree = "<group>"; };
		7A7A0ACD1CF9EC62003617EA /* ViewController.swift */ = {isa = PBXFileReference; lastKnownFileType = sourcecode.swift; path = ViewController.swift; sourceTree = "<group>"; };
		7A7A0AD01CF9EC62003617EA /* Base */ = {isa = PBXFileReference; lastKnownFileType = file.storyboard; name = Base; path = Base.lproj/Main.storyboard; sourceTree = "<group>"; };
		7A7A0AD31CF9EC62003617EA /* amidakuji.xcdatamodel */ = {isa = PBXFileReference; lastKnownFileType = wrapper.xcdatamodel; path = amidakuji.xcdatamodel; sourceTree = "<group>"; };
		7A7A0AD51CF9EC62003617EA /* Assets.xcassets */ = {isa = PBXFileReference; lastKnownFileType = folder.assetcatalog; path = Assets.xcassets; sourceTree = "<group>"; };
		7A7A0AD81CF9EC62003617EA /* Base */ = {isa = PBXFileReference; lastKnownFileType = file.storyboard; name = Base; path = Base.lproj/LaunchScreen.storyboard; sourceTree = "<group>"; };
		7A7A0ADA1CF9EC62003617EA /* Info.plist */ = {isa = PBXFileReference; lastKnownFileType = text.plist.xml; path = Info.plist; sourceTree = "<group>"; };
		7A7A0ADF1CF9EC62003617EA /* amidakujiTests.xctest */ = {isa = PBXFileReference; explicitFileType = wrapper.cfbundle; includeInIndex = 0; path = amidakujiTests.xctest; sourceTree = BUILT_PRODUCTS_DIR; };
		7A7A0AE31CF9EC62003617EA /* amidakujiTests.swift */ = {isa = PBXFileReference; lastKnownFileType = sourcecode.swift; path = amidakujiTests.swift; sourceTree = "<group>"; };
		7A7A0AE51CF9EC62003617EA /* Info.plist */ = {isa = PBXFileReference; lastKnownFileType = text.plist.xml; path = Info.plist; sourceTree = "<group>"; };
		C62703E6972083953202D755 /* Pods-amidakuji.release.xcconfig */ = {isa = PBXFileReference; includeInIndex = 1; lastKnownFileType = text.xcconfig; name = "Pods-amidakuji.release.xcconfig"; path = "Pods/Target Support Files/Pods-amidakuji/Pods-amidakuji.release.xcconfig"; sourceTree = "<group>"; };
		D77D89829548E2C858F482AF /* Pods-amidakuji.debug.xcconfig */ = {isa = PBXFileReference; includeInIndex = 1; lastKnownFileType = text.xcconfig; name = "Pods-amidakuji.debug.xcconfig"; path = "Pods/Target Support Files/Pods-amidakuji/Pods-amidakuji.debug.xcconfig"; sourceTree = "<group>"; };
		DC1F7A99A39CFFABEA1155EE /* libPods-amidakuji.a */ = {isa = PBXFileReference; explicitFileType = archive.ar; includeInIndex = 0; path = "libPods-amidakuji.a"; sourceTree = BUILT_PRODUCTS_DIR; };
/* End PBXFileReference section */

/* Begin PBXFrameworksBuildPhase section */
		7A7A0AC51CF9EC62003617EA /* Frameworks */ = {
			isa = PBXFrameworksBuildPhase;
			buildActionMask = 2147483647;
			files = (
				D4B8D6A22FCC7917A54A1264 /* libPods-amidakuji.a in Frameworks */,
			);
			runOnlyForDeploymentPostprocessing = 0;
		};
		7A7A0ADC1CF9EC62003617EA /* Frameworks */ = {
			isa = PBXFrameworksBuildPhase;
			buildActionMask = 2147483647;
			files = (
			);
			runOnlyForDeploymentPostprocessing = 0;
		};
/* End PBXFrameworksBuildPhase section */

/* Begin PBXGroup section */
		287936497306222364D809DD /* Frameworks */ = {
			isa = PBXGroup;
			children = (
				DC1F7A99A39CFFABEA1155EE /* libPods-amidakuji.a */,
			);
			name = Frameworks;
			sourceTree = "<group>";
		};
		7A7A0ABF1CF9EC62003617EA = {
			isa = PBXGroup;
			children = (
				7A48EBE61CFE96080066E0FA /* Podfile */,
				7A7A0ACA1CF9EC62003617EA /* amidakuji */,
				7A7A0AE21CF9EC62003617EA /* amidakujiTests */,
				7A7A0AC91CF9EC62003617EA /* Products */,
				7B17DCA82ACAB1AEFEBA0BBB /* Pods */,
				287936497306222364D809DD /* Frameworks */,
			);
			sourceTree = "<group>";
		};
		7A7A0AC91CF9EC62003617EA /* Products */ = {
			isa = PBXGroup;
			children = (
				7A7A0AC81CF9EC62003617EA /* amidakuji.app */,
				7A7A0ADF1CF9EC62003617EA /* amidakujiTests.xctest */,
			);
			name = Products;
			sourceTree = "<group>";
		};
		7A7A0ACA1CF9EC62003617EA /* amidakuji */ = {
			isa = PBXGroup;
			children = (
				7A48EBEC1CFE9DE40066E0FA /* ACButton.swift */,
				7A0327C21D03C918001A2EE0 /* HamburgerButton.swift */,
				7A7A0ACB1CF9EC62003617EA /* AppDelegate.swift */,
				7A7A0ACD1CF9EC62003617EA /* ViewController.swift */,
				7A7A0ACF1CF9EC62003617EA /* Main.storyboard */,
				7A7A0AD51CF9EC62003617EA /* Assets.xcassets */,
				7A7A0AD71CF9EC62003617EA /* LaunchScreen.storyboard */,
				7A7A0ADA1CF9EC62003617EA /* Info.plist */,
				7A7A0AD21CF9EC62003617EA /* amidakuji.xcdatamodeld */,
				7A48EBE81CFE98E90066E0FA /* amidakuji-Bridging-Header.h */,
			);
			path = amidakuji;
			sourceTree = "<group>";
		};
		7A7A0AE21CF9EC62003617EA /* amidakujiTests */ = {
			isa = PBXGroup;
			children = (
				7A7A0AE31CF9EC62003617EA /* amidakujiTests.swift */,
				7A7A0AE51CF9EC62003617EA /* Info.plist */,
			);
			path = amidakujiTests;
			sourceTree = "<group>";
		};
		7B17DCA82ACAB1AEFEBA0BBB /* Pods */ = {
			isa = PBXGroup;
			children = (
				D77D89829548E2C858F482AF /* Pods-amidakuji.debug.xcconfig */,
				C62703E6972083953202D755 /* Pods-amidakuji.release.xcconfig */,
			);
			name = Pods;
			sourceTree = "<group>";
		};
/* End PBXGroup section */

/* Begin PBXNativeTarget section */
		7A7A0AC71CF9EC62003617EA /* amidakuji */ = {
			isa = PBXNativeTarget;
			buildConfigurationList = 7A7A0AE81CF9EC62003617EA /* Build configuration list for PBXNativeTarget "amidakuji" */;
			buildPhases = (
				522F652FD1E1713D0086D597 /* 📦 Check Pods Manifest.lock */,
				7A7A0AC41CF9EC62003617EA /* Sources */,
				7A7A0AC51CF9EC62003617EA /* Frameworks */,
				7A7A0AC61CF9EC62003617EA /* Resources */,
				0BD2C739CFB63F5C43E66155 /* 📦 Embed Pods Frameworks */,
				54A7F9CD43C117568CFB5D08 /* 📦 Copy Pods Resources */,
			);
			buildRules = (
			);
			dependencies = (
			);
			name = amidakuji;
			productName = amidakuji;
			productReference = 7A7A0AC81CF9EC62003617EA /* amidakuji.app */;
			productType = "com.apple.product-type.application";
		};
		7A7A0ADE1CF9EC62003617EA /* amidakujiTests */ = {
			isa = PBXNativeTarget;
			buildConfigurationList = 7A7A0AEB1CF9EC62003617EA /* Build configuration list for PBXNativeTarget "amidakujiTests" */;
			buildPhases = (
				7A7A0ADB1CF9EC62003617EA /* Sources */,
				7A7A0ADC1CF9EC62003617EA /* Frameworks */,
				7A7A0ADD1CF9EC62003617EA /* Resources */,
			);
			buildRules = (
			);
			dependencies = (
				7A7A0AE11CF9EC62003617EA /* PBXTargetDependency */,
			);
			name = amidakujiTests;
			productName = amidakujiTests;
			productReference = 7A7A0ADF1CF9EC62003617EA /* amidakujiTests.xctest */;
			productType = "com.apple.product-type.bundle.unit-test";
		};
/* End PBXNativeTarget section */

/* Begin PBXProject section */
		7A7A0AC01CF9EC62003617EA /* Project object */ = {
			isa = PBXProject;
			attributes = {
				LastSwiftUpdateCheck = 0730;
				LastUpgradeCheck = 0730;
				ORGANIZATIONNAME = yrq_mac;
				TargetAttributes = {
					7A7A0AC71CF9EC62003617EA = {
						CreatedOnToolsVersion = 7.3.1;
					};
					7A7A0ADE1CF9EC62003617EA = {
						CreatedOnToolsVersion = 7.3.1;
						TestTargetID = 7A7A0AC71CF9EC62003617EA;
					};
				};
			};
			buildConfigurationList = 7A7A0AC31CF9EC62003617EA /* Build configuration list for PBXProject "amidakuji" */;
			compatibilityVersion = "Xcode 3.2";
			developmentRegion = English;
			hasScannedForEncodings = 0;
			knownRegions = (
				en,
				Base,
			);
			mainGroup = 7A7A0ABF1CF9EC62003617EA;
			productRefGroup = 7A7A0AC91CF9EC62003617EA /* Products */;
			projectDirPath = "";
			projectRoot = "";
			targets = (
				7A7A0AC71CF9EC62003617EA /* amidakuji */,
				7A7A0ADE1CF9EC62003617EA /* amidakujiTests */,
			);
		};
/* End PBXProject section */

/* Begin PBXResourcesBuildPhase section */
		7A7A0AC61CF9EC62003617EA /* Resources */ = {
			isa = PBXResourcesBuildPhase;
			buildActionMask = 2147483647;
			files = (
				7A48EBE71CFE96080066E0FA /* Podfile in Resources */,
				7A7A0AD91CF9EC62003617EA /* LaunchScreen.storyboard in Resources */,
				7A7A0AD61CF9EC62003617EA /* Assets.xcassets in Resources */,
				7A7A0AD11CF9EC62003617EA /* Main.storyboard in Resources */,
			);
			runOnlyForDeploymentPostprocessing = 0;
		};
		7A7A0ADD1CF9EC62003617EA /* Resources */ = {
			isa = PBXResourcesBuildPhase;
			buildActionMask = 2147483647;
			files = (
			);
			runOnlyForDeploymentPostprocessing = 0;
		};
/* End PBXResourcesBuildPhase section */

/* Begin PBXShellScriptBuildPhase section */
		0BD2C739CFB63F5C43E66155 /* 📦 Embed Pods Frameworks */ = {
			isa = PBXShellScriptBuildPhase;
			buildActionMask = 2147483647;
			files = (
			);
			inputPaths = (
			);
			name = "📦 Embed Pods Frameworks";
			outputPaths = (
			);
			runOnlyForDeploymentPostprocessing = 0;
			shellPath = /bin/sh;
			shellScript = "\"${SRCROOT}/Pods/Target Support Files/Pods-amidakuji/Pods-amidakuji-frameworks.sh\"\n";
			showEnvVarsInLog = 0;
		};
		522F652FD1E1713D0086D597 /* 📦 Check Pods Manifest.lock */ = {
			isa = PBXShellScriptBuildPhase;
			buildActionMask = 2147483647;
			files = (
			);
			inputPaths = (
			);
			name = "📦 Check Pods Manifest.lock";
			outputPaths = (
			);
			runOnlyForDeploymentPostprocessing = 0;
			shellPath = /bin/sh;
			shellScript = "diff \"${PODS_ROOT}/../Podfile.lock\" \"${PODS_ROOT}/Manifest.lock\" > /dev/null\nif [[ $? != 0 ]] ; then\n    cat << EOM\nerror: The sandbox is not in sync with the Podfile.lock. Run 'pod install' or update your CocoaPods installation.\nEOM\n    exit 1\nfi\n";
			showEnvVarsInLog = 0;
		};
		54A7F9CD43C117568CFB5D08 /* 📦 Copy Pods Resources */ = {
			isa = PBXShellScriptBuildPhase;
			buildActionMask = 2147483647;
			files = (
			);
			inputPaths = (
			);
			name = "📦 Copy Pods Resources";
			outputPaths = (
			);
			runOnlyForDeploymentPostprocessing = 0;
			shellPath = /bin/sh;
			shellScript = "\"${SRCROOT}/Pods/Target Support Files/Pods-amidakuji/Pods-amidakuji-resources.sh\"\n";
			showEnvVarsInLog = 0;
		};
/* End PBXShellScriptBuildPhase section */

/* Begin PBXSourcesBuildPhase section */
		7A7A0AC41CF9EC62003617EA /* Sources */ = {
			isa = PBXSourcesBuildPhase;
			buildActionMask = 2147483647;
			files = (
				7A7A0ACE1CF9EC62003617EA /* ViewController.swift in Sources */,
				7A48EBED1CFE9DE40066E0FA /* ACButton.swift in Sources */,
				7A7A0AD41CF9EC62003617EA /* amidakuji.xcdatamodeld in Sources */,
				7A0327C31D03C918001A2EE0 /* HamburgerButton.swift in Sources */,
				7A7A0ACC1CF9EC62003617EA /* AppDelegate.swift in Sources */,
			);
			runOnlyForDeploymentPostprocessing = 0;
		};
		7A7A0ADB1CF9EC62003617EA /* Sources */ = {
			isa = PBXSourcesBuildPhase;
			buildActionMask = 2147483647;
			files = (
				7A7A0AE41CF9EC62003617EA /* amidakujiTests.swift in Sources */,
			);
			runOnlyForDeploymentPostprocessing = 0;
		};
/* End PBXSourcesBuildPhase section */

/* Begin PBXTargetDependency section */
		7A7A0AE11CF9EC62003617EA /* PBXTargetDependency */ = {
			isa = PBXTargetDependency;
			target = 7A7A0AC71CF9EC62003617EA /* amidakuji */;
			targetProxy = 7A7A0AE01CF9EC62003617EA /* PBXContainerItemProxy */;
		};
/* End PBXTargetDependency section */

/* Begin PBXVariantGroup section */
		7A7A0ACF1CF9EC62003617EA /* Main.storyboard */ = {
			isa = PBXVariantGroup;
			children = (
				7A7A0AD01CF9EC62003617EA /* Base */,
			);
			name = Main.storyboard;
			sourceTree = "<group>";
		};
		7A7A0AD71CF9EC62003617EA /* LaunchScreen.storyboard */ = {
			isa = PBXVariantGroup;
			children = (
				7A7A0AD81CF9EC62003617EA /* Base */,
			);
			name = LaunchScreen.storyboard;
			sourceTree = "<group>";
		};
/* End PBXVariantGroup section */

/* Begin XCBuildConfiguration section */
		7A7A0AE61CF9EC62003617EA /* Debug */ = {
			isa = XCBuildConfiguration;
			buildSettings = {
				ALWAYS_SEARCH_USER_PATHS = NO;
				CLANG_ANALYZER_NONNULL = YES;
				CLANG_CXX_LANGUAGE_STANDARD = "gnu++0x";
				CLANG_CXX_LIBRARY = "libc++";
				CLANG_ENABLE_MODULES = YES;
				CLANG_ENABLE_OBJC_ARC = YES;
				CLANG_WARN_BOOL_CONVERSION = YES;
				CLANG_WARN_CONSTANT_CONVERSION = YES;
				CLANG_WARN_DIRECT_OBJC_ISA_USAGE = YES_ERROR;
				CLANG_WARN_EMPTY_BODY = YES;
				CLANG_WARN_ENUM_CONVERSION = YES;
				CLANG_WARN_INT_CONVERSION = YES;
				CLANG_WARN_OBJC_ROOT_CLASS = YES_ERROR;
				CLANG_WARN_UNREACHABLE_CODE = YES;
				CLANG_WARN__DUPLICATE_METHOD_MATCH = YES;
				"CODE_SIGN_IDENTITY[sdk=iphoneos*]" = "iPhone Developer";
				COPY_PHASE_STRIP = NO;
				DEBUG_INFORMATION_FORMAT = dwarf;
				ENABLE_STRICT_OBJC_MSGSEND = YES;
				ENABLE_TESTABILITY = YES;
				GCC_C_LANGUAGE_STANDARD = gnu99;
				GCC_DYNAMIC_NO_PIC = NO;
				GCC_NO_COMMON_BLOCKS = YES;
				GCC_OPTIMIZATION_LEVEL = 0;
				GCC_PREPROCESSOR_DEFINITIONS = (
					"DEBUG=1",
					"$(inherited)",
				);
				GCC_WARN_64_TO_32_BIT_CONVERSION = YES;
				GCC_WARN_ABOUT_RETURN_TYPE = YES_ERROR;
				GCC_WARN_UNDECLARED_SELECTOR = YES;
				GCC_WARN_UNINITIALIZED_AUTOS = YES_AGGRESSIVE;
				GCC_WARN_UNUSED_FUNCTION = YES;
				GCC_WARN_UNUSED_VARIABLE = YES;
				IPHONEOS_DEPLOYMENT_TARGET = 9.3;
				MTL_ENABLE_DEBUG_INFO = YES;
				ONLY_ACTIVE_ARCH = YES;
				SDKROOT = iphoneos;
				SWIFT_OPTIMIZATION_LEVEL = "-Onone";
			};
			name = Debug;
		};
		7A7A0AE71CF9EC62003617EA /* Release */ = {
			isa = XCBuildConfiguration;
			buildSettings = {
				ALWAYS_SEARCH_USER_PATHS = NO;
				CLANG_ANALYZER_NONNULL = YES;
				CLANG_CXX_LANGUAGE_STANDARD = "gnu++0x";
				CLANG_CXX_LIBRARY = "libc++";
				CLANG_ENABLE_MODULES = YES;
				CLANG_ENABLE_OBJC_ARC = YES;
				CLANG_WARN_BOOL_CONVERSION = YES;
				CLANG_WARN_CONSTANT_CONVERSION = YES;
				CLANG_WARN_DIRECT_OBJC_ISA_USAGE = YES_ERROR;
				CLANG_WARN_EMPTY_BODY = YES;
				CLANG_WARN_ENUM_CONVERSION = YES;
				CLANG_WARN_INT_CONVERSION = YES;
				CLANG_WARN_OBJC_ROOT_CLASS = YES_ERROR;
				CLANG_WARN_UNREACHABLE_CODE = YES;
				CLANG_WARN__DUPLICATE_METHOD_MATCH = YES;
				"CODE_SIGN_IDENTITY[sdk=iphoneos*]" = "iPhone Developer";
				COPY_PHASE_STRIP = NO;
				DEBUG_INFORMATION_FORMAT = "dwarf-with-dsym";
				ENABLE_NS_ASSERTIONS = NO;
				ENABLE_STRICT_OBJC_MSGSEND = YES;
				GCC_C_LANGUAGE_STANDARD = gnu99;
				GCC_NO_COMMON_BLOCKS = YES;
				GCC_WARN_64_TO_32_BIT_CONVERSION = YES;
				GCC_WARN_ABOUT_RETURN_TYPE = YES_ERROR;
				GCC_WARN_UNDECLARED_SELECTOR = YES;
				GCC_WARN_UNINITIALIZED_AUTOS = YES_AGGRESSIVE;
				GCC_WARN_UNUSED_FUNCTION = YES;
				GCC_WARN_UNUSED_VARIABLE = YES;
				IPHONEOS_DEPLOYMENT_TARGET = 9.3;
				MTL_ENABLE_DEBUG_INFO = NO;
				SDKROOT = iphoneos;
				VALIDATE_PRODUCT = YES;
			};
			name = Release;
		};
		7A7A0AE91CF9EC62003617EA /* Debug */ = {
			isa = XCBuildConfiguration;
			baseConfigurationReference = D77D89829548E2C858F482AF /* Pods-amidakuji.debug.xcconfig */;
			buildSettings = {
				ASSETCATALOG_COMPILER_APPICON_NAME = AppIcon;
				CLANG_ENABLE_MODULES = YES;
				INFOPLIST_FILE = amidakuji/Info.plist;
				LD_RUNPATH_SEARCH_PATHS = "$(inherited) @executable_path/Frameworks";
				PRODUCT_BUNDLE_IDENTIFIER = yrq.amidakuji;
				PRODUCT_NAME = "$(TARGET_NAME)";
				SWIFT_OBJC_BRIDGING_HEADER = "amidakuji/amidakuji-Bridging-Header.h";
				SWIFT_OPTIMIZATION_LEVEL = "-Onone";
			};
			name = Debug;
		};
		7A7A0AEA1CF9EC62003617EA /* Release */ = {
			isa = XCBuildConfiguration;
			baseConfigurationReference = C62703E6972083953202D755 /* Pods-amidakuji.release.xcconfig */;
			buildSettings = {
				ASSETCATALOG_COMPILER_APPICON_NAME = AppIcon;
				CLANG_ENABLE_MODULES = YES;
				INFOPLIST_FILE = amidakuji/Info.plist;
				LD_RUNPATH_SEARCH_PATHS = "$(inherited) @executable_path/Frameworks";
				PRODUCT_BUNDLE_IDENTIFIER = yrq.amidakuji;
				PRODUCT_NAME = "$(TARGET_NAME)";
				SWIFT_OBJC_BRIDGING_HEADER = "amidakuji/amidakuji-Bridging-Header.h";
			};
			name = Release;
		};
		7A7A0AEC1CF9EC62003617EA /* Debug */ = {
			isa = XCBuildConfiguration;
			buildSettings = {
				BUNDLE_LOADER = "$(TEST_HOST)";
				INFOPLIST_FILE = amidakujiTests/Info.plist;
				LD_RUNPATH_SEARCH_PATHS = "$(inherited) @executable_path/Frameworks @loader_path/Frameworks";
				PRODUCT_BUNDLE_IDENTIFIER = yrq.amidakujiTests;
				PRODUCT_NAME = "$(TARGET_NAME)";
				TEST_HOST = "$(BUILT_PRODUCTS_DIR)/amidakuji.app/amidakuji";
			};
			name = Debug;
		};
		7A7A0AED1CF9EC62003617EA /* Release */ = {
			isa = XCBuildConfiguration;
			buildSettings = {
				BUNDLE_LOADER = "$(TEST_HOST)";
				INFOPLIST_FILE = amidakujiTests/Info.plist;
				LD_RUNPATH_SEARCH_PATHS = "$(inherited) @executable_path/Frameworks @loader_path/Frameworks";
				PRODUCT_BUNDLE_IDENTIFIER = yrq.amidakujiTests;
				PRODUCT_NAME = "$(TARGET_NAME)";
				TEST_HOST = "$(BUILT_PRODUCTS_DIR)/amidakuji.app/amidakuji";
			};
			name = Release;
		};
/* End XCBuildConfiguration section */

/* Begin XCConfigurationList section */
		7A7A0AC31CF9EC62003617EA /* Build configuration list for PBXProject "amidakuji" */ = {
			isa = XCConfigurationList;
			buildConfigurations = (
				7A7A0AE61CF9EC62003617EA /* Debug */,
				7A7A0AE71CF9EC62003617EA /* Release */,
			);
			defaultConfigurationIsVisible = 0;
			defaultConfigurationName = Release;
		};
		7A7A0AE81CF9EC62003617EA /* Build configuration list for PBXNativeTarget "amidakuji" */ = {
			isa = XCConfigurationList;
			buildConfigurations = (
				7A7A0AE91CF9EC62003617EA /* Debug */,
				7A7A0AEA1CF9EC62003617EA /* Release */,
			);
			defaultConfigurationIsVisible = 0;
			defaultConfigurationName = Release;
		};
		7A7A0AEB1CF9EC62003617EA /* Build configuration list for PBXNativeTarget "amidakujiTests" */ = {
			isa = XCConfigurationList;
			buildConfigurations = (
				7A7A0AEC1CF9EC62003617EA /* Debug */,
				7A7A0AED1CF9EC62003617EA /* Release */,
			);
			defaultConfigurationIsVisible = 0;
			defaultConfigurationName = Release;
		};
/* End XCConfigurationList section */

/* Begin XCVersionGroup section */
		7A7A0AD21CF9EC62003617EA /* amidakuji.xcdatamodeld */ = {
			isa = XCVersionGroup;
			children = (
				7A7A0AD31CF9EC62003617EA /* amidakuji.xcdatamodel */,
			);
			currentVersion = 7A7A0AD31CF9EC62003617EA /* amidakuji.xcdatamodel */;
			path = amidakuji.xcdatamodeld;
			sourceTree = "<group>";
			versionGroupType = wrapper.xcdatamodel;
		};
/* End XCVersionGroup section */
	};
	rootObject = 7A7A0AC01CF9EC62003617EA /* Project object */;
}
