// !$*UTF8*$!
{
	archiveVersion = 1;
	classes = {
	};
	objectVersion = 46;
	objects = {

/* Begin PBXBuildFile section */
		7AD9E9261D065ACE00680D9E /* AppDelegate.swift in Sources */ = {isa = PBXBuildFile; fileRef = 7AD9E9251D065ACE00680D9E /* AppDelegate.swift */; };
		7AD9E9281D065ACE00680D9E /* ViewController.swift in Sources */ = {isa = PBXBuildFile; fileRef = 7AD9E9271D065ACE00680D9E /* ViewController.swift */; };
		7AD9E92B1D065ACE00680D9E /* Main.storyboard in Resources */ = {isa = PBXBuildFile; fileRef = 7AD9E9291D065ACE00680D9E /* Main.storyboard */; };
		7AD9E92E1D065ACE00680D9E /* uzir.xcdatamodeld in Sources */ = {isa = PBXBuildFile; fileRef = 7AD9E92C1D065ACE00680D9E /* uzir.xcdatamodeld */; };
		7AD9E9301D065ACE00680D9E /* Assets.xcassets in Resources */ = {isa = PBXBuildFile; fileRef = 7AD9E92F1D065ACE00680D9E /* Assets.xcassets */; };
		7AD9E9331D065ACE00680D9E /* LaunchScreen.storyboard in Resources */ = {isa = PBXBuildFile; fileRef = 7AD9E9311D065ACE00680D9E /* LaunchScreen.storyboard */; };
		7AD9E93E1D065ACE00680D9E /* uzirTests.swift in Sources */ = {isa = PBXBuildFile; fileRef = 7AD9E93D1D065ACE00680D9E /* uzirTests.swift */; };
/* End PBXBuildFile section */

/* Begin PBXContainerItemProxy section */
		7AD9E93A1D065ACE00680D9E /* PBXContainerItemProxy */ = {
			isa = PBXContainerItemProxy;
			containerPortal = 7AD9E91A1D065ACE00680D9E /* Project object */;
			proxyType = 1;
			remoteGlobalIDString = 7AD9E9211D065ACE00680D9E;
			remoteInfo = uzir;
		};
/* End PBXContainerItemProxy section */

/* Begin PBXFileReference section */
		7AD9E9221D065ACE00680D9E /* uzir.app */ = {isa = PBXFileReference; explicitFileType = wrapper.application; includeInIndex = 0; path = uzir.app; sourceTree = BUILT_PRODUCTS_DIR; };
		7AD9E9251D065ACE00680D9E /* AppDelegate.swift */ = {isa = PBXFileReference; lastKnownFileType = sourcecode.swift; path = AppDelegate.swift; sourceTree = "<group>"; };
		7AD9E9271D065ACE00680D9E /* ViewController.swift */ = {isa = PBXFileReference; lastKnownFileType = sourcecode.swift; path = ViewController.swift; sourceTree = "<group>"; };
		7AD9E92A1D065ACE00680D9E /* Base */ = {isa = PBXFileReference; lastKnownFileType = file.storyboard; name = Base; path = Base.lproj/Main.storyboard; sourceTree = "<group>"; };
		7AD9E92D1D065ACE00680D9E /* uzir.xcdatamodel */ = {isa = PBXFileReference; lastKnownFileType = wrapper.xcdatamodel; path = uzir.xcdatamodel; sourceTree = "<group>"; };
		7AD9E92F1D065ACE00680D9E /* Assets.xcassets */ = {isa = PBXFileReference; lastKnownFileType = folder.assetcatalog; path = Assets.xcassets; sourceTree = "<group>"; };
		7AD9E9321D065ACE00680D9E /* Base */ = {isa = PBXFileReference; lastKnownFileType = file.storyboard; name = Base; path = Base.lproj/LaunchScreen.storyboard; sourceTree = "<group>"; };
		7AD9E9341D065ACE00680D9E /* Info.plist */ = {isa = PBXFileReference; lastKnownFileType = text.plist.xml; path = Info.plist; sourceTree = "<group>"; };
		7AD9E9391D065ACE00680D9E /* uzirTests.xctest */ = {isa = PBXFileReference; explicitFileType = wrapper.cfbundle; includeInIndex = 0; path = uzirTests.xctest; sourceTree = BUILT_PRODUCTS_DIR; };
		7AD9E93D1D065ACE00680D9E /* uzirTests.swift */ = {isa = PBXFileReference; lastKnownFileType = sourcecode.swift; path = uzirTests.swift; sourceTree = "<group>"; };
		7AD9E93F1D065ACE00680D9E /* Info.plist */ = {isa = PBXFileReference; lastKnownFileType = text.plist.xml; path = Info.plist; sourceTree = "<group>"; };
/* End PBXFileReference section */

/* Begin PBXFrameworksBuildPhase section */
		7AD9E91F1D065ACE00680D9E /* Frameworks */ = {
			isa = PBXFrameworksBuildPhase;
			buildActionMask = 2147483647;
			files = (
			);
			runOnlyForDeploymentPostprocessing = 0;
		};
		7AD9E9361D065ACE00680D9E /* Frameworks */ = {
			isa = PBXFrameworksBuildPhase;
			buildActionMask = 2147483647;
			files = (
			);
			runOnlyForDeploymentPostprocessing = 0;
		};
/* End PBXFrameworksBuildPhase section */

/* Begin PBXGroup section */
		7AD9E9191D065ACE00680D9E = {
			isa = PBXGroup;
			children = (
				7AD9E9241D065ACE00680D9E /* uzir */,
				7AD9E93C1D065ACE00680D9E /* uzirTests */,
				7AD9E9231D065ACE00680D9E /* Products */,
			);
			sourceTree = "<group>";
		};
		7AD9E9231D065ACE00680D9E /* Products */ = {
			isa = PBXGroup;
			children = (
				7AD9E9221D065ACE00680D9E /* uzir.app */,
				7AD9E9391D065ACE00680D9E /* uzirTests.xctest */,
			);
			name = Products;
			sourceTree = "<group>";
		};
		7AD9E9241D065ACE00680D9E /* uzir */ = {
			isa = PBXGroup;
			children = (
				7AD9E9251D065ACE00680D9E /* AppDelegate.swift */,
				7AD9E9271D065ACE00680D9E /* ViewController.swift */,
				7AD9E9291D065ACE00680D9E /* Main.storyboard */,
				7AD9E92F1D065ACE00680D9E /* Assets.xcassets */,
				7AD9E9311D065ACE00680D9E /* LaunchScreen.storyboard */,
				7AD9E9341D065ACE00680D9E /* Info.plist */,
				7AD9E92C1D065ACE00680D9E /* uzir.xcdatamodeld */,
			);
			path = uzir;
			sourceTree = "<group>";
		};
		7AD9E93C1D065ACE00680D9E /* uzirTests */ = {
			isa = PBXGroup;
			children = (
				7AD9E93D1D065ACE00680D9E /* uzirTests.swift */,
				7AD9E93F1D065ACE00680D9E /* Info.plist */,
			);
			path = uzirTests;
			sourceTree = "<group>";
		};
/* End PBXGroup section */

/* Begin PBXNativeTarget section */
		7AD9E9211D065ACE00680D9E /* uzir */ = {
			isa = PBXNativeTarget;
			buildConfigurationList = 7AD9E9421D065ACE00680D9E /* Build configuration list for PBXNativeTarget "uzir" */;
			buildPhases = (
				7AD9E91E1D065ACE00680D9E /* Sources */,
				7AD9E91F1D065ACE00680D9E /* Frameworks */,
				7AD9E9201D065ACE00680D9E /* Resources */,
			);
			buildRules = (
			);
			dependencies = (
			);
			name = uzir;
			productName = uzir;
			productReference = 7AD9E9221D065ACE00680D9E /* uzir.app */;
			productType = "com.apple.product-type.application";
		};
		7AD9E9381D065ACE00680D9E /* uzirTests */ = {
			isa = PBXNativeTarget;
			buildConfigurationList = 7AD9E9451D065ACE00680D9E /* Build configuration list for PBXNativeTarget "uzirTests" */;
			buildPhases = (
				7AD9E9351D065ACE00680D9E /* Sources */,
				7AD9E9361D065ACE00680D9E /* Frameworks */,
				7AD9E9371D065ACE00680D9E /* Resources */,
			);
			buildRules = (
			);
			dependencies = (
				7AD9E93B1D065ACE00680D9E /* PBXTargetDependency */,
			);
			name = uzirTests;
			productName = uzirTests;
			productReference = 7AD9E9391D065ACE00680D9E /* uzirTests.xctest */;
			productType = "com.apple.product-type.bundle.unit-test";
		};
/* End PBXNativeTarget section */

/* Begin PBXProject section */
		7AD9E91A1D065ACE00680D9E /* Project object */ = {
			isa = PBXProject;
			attributes = {
				LastSwiftUpdateCheck = 0730;
				LastUpgradeCheck = 0730;
				ORGANIZATIONNAME = yrq_mac;
				TargetAttributes = {
					7AD9E9211D065ACE00680D9E = {
						CreatedOnToolsVersion = 7.3.1;
					};
					7AD9E9381D065ACE00680D9E = {
						CreatedOnToolsVersion = 7.3.1;
						TestTargetID = 7AD9E9211D065ACE00680D9E;
					};
				};
			};
			buildConfigurationList = 7AD9E91D1D065ACE00680D9E /* Build configuration list for PBXProject "uzir" */;
			compatibilityVersion = "Xcode 3.2";
			developmentRegion = English;
			hasScannedForEncodings = 0;
			knownRegions = (
				en,
				Base,
			);
			mainGroup = 7AD9E9191D065ACE00680D9E;
			productRefGroup = 7AD9E9231D065ACE00680D9E /* Products */;
			projectDirPath = "";
			projectRoot = "";
			targets = (
				7AD9E9211D065ACE00680D9E /* uzir */,
				7AD9E9381D065ACE00680D9E /* uzirTests */,
			);
		};
/* End PBXProject section */

/* Begin PBXResourcesBuildPhase section */
		7AD9E9201D065ACE00680D9E /* Resources */ = {
			isa = PBXResourcesBuildPhase;
			buildActionMask = 2147483647;
			files = (
				7AD9E9331D065ACE00680D9E /* LaunchScreen.storyboard in Resources */,
				7AD9E9301D065ACE00680D9E /* Assets.xcassets in Resources */,
				7AD9E92B1D065ACE00680D9E /* Main.storyboard in Resources */,
			);
			runOnlyForDeploymentPostprocessing = 0;
		};
		7AD9E9371D065ACE00680D9E /* Resources */ = {
			isa = PBXResourcesBuildPhase;
			buildActionMask = 2147483647;
			files = (
			);
			runOnlyForDeploymentPostprocessing = 0;
		};
/* End PBXResourcesBuildPhase section */

/* Begin PBXSourcesBuildPhase section */
		7AD9E91E1D065ACE00680D9E /* Sources */ = {
			isa = PBXSourcesBuildPhase;
			buildActionMask = 2147483647;
			files = (
				7AD9E9281D065ACE00680D9E /* ViewController.swift in Sources */,
				7AD9E92E1D065ACE00680D9E /* uzir.xcdatamodeld in Sources */,
				7AD9E9261D065ACE00680D9E /* AppDelegate.swift in Sources */,
			);
			runOnlyForDeploymentPostprocessing = 0;
		};
		7AD9E9351D065ACE00680D9E /* Sources */ = {
			isa = PBXSourcesBuildPhase;
			buildActionMask = 2147483647;
			files = (
				7AD9E93E1D065ACE00680D9E /* uzirTests.swift in Sources */,
			);
			runOnlyForDeploymentPostprocessing = 0;
		};
/* End PBXSourcesBuildPhase section */

/* Begin PBXTargetDependency section */
		7AD9E93B1D065ACE00680D9E /* PBXTargetDependency */ = {
			isa = PBXTargetDependency;
			target = 7AD9E9211D065ACE00680D9E /* uzir */;
			targetProxy = 7AD9E93A1D065ACE00680D9E /* PBXContainerItemProxy */;
		};
/* End PBXTargetDependency section */

/* Begin PBXVariantGroup section */
		7AD9E9291D065ACE00680D9E /* Main.storyboard */ = {
			isa = PBXVariantGroup;
			children = (
				7AD9E92A1D065ACE00680D9E /* Base */,
			);
			name = Main.storyboard;
			sourceTree = "<group>";
		};
		7AD9E9311D065ACE00680D9E /* LaunchScreen.storyboard */ = {
			isa = PBXVariantGroup;
			children = (
				7AD9E9321D065ACE00680D9E /* Base */,
			);
			name = LaunchScreen.storyboard;
			sourceTree = "<group>";
		};
/* End PBXVariantGroup section */

/* Begin XCBuildConfiguration section */
		7AD9E9401D065ACE00680D9E /* Debug */ = {
			isa = XCBuildConfiguration;
			buildSettings = {
				ALWAYS_SEARCH_USER_PATHS = NO;
				CLANG_ANALYZER_NONNULL = YES;
				CLANG_CXX_LANGUAGE_STANDARD = "gnu++0x";
				CLANG_CXX_LIBRARY = "libc++";
				CLANG_ENABLE_MODULES = YES;
				CLANG_ENABLE_OBJC_ARC = YES;
				CLANG_WARN_BOOL_CONVERSION = YES;
				CLANG_WARN_CONSTANT_CONVERSION = YES;
				CLANG_WARN_DIRECT_OBJC_ISA_USAGE = YES_ERROR;
				CLANG_WARN_EMPTY_BODY = YES;
				CLANG_WARN_ENUM_CONVERSION = YES;
				CLANG_WARN_INT_CONVERSION = YES;
				CLANG_WARN_OBJC_ROOT_CLASS = YES_ERROR;
				CLANG_WARN_UNREACHABLE_CODE = YES;
				CLANG_WARN__DUPLICATE_METHOD_MATCH = YES;
				"CODE_SIGN_IDENTITY[sdk=iphoneos*]" = "iPhone Developer";
				COPY_PHASE_STRIP = NO;
				DEBUG_INFORMATION_FORMAT = dwarf;
				ENABLE_STRICT_OBJC_MSGSEND = YES;
				ENABLE_TESTABILITY = YES;
				GCC_C_LANGUAGE_STANDARD = gnu99;
				GCC_DYNAMIC_NO_PIC = NO;
				GCC_NO_COMMON_BLOCKS = YES;
				GCC_OPTIMIZATION_LEVEL = 0;
				GCC_PREPROCESSOR_DEFINITIONS = (
					"DEBUG=1",
					"$(inherited)",
				);
				GCC_WARN_64_TO_32_BIT_CONVERSION = YES;
				GCC_WARN_ABOUT_RETURN_TYPE = YES_ERROR;
				GCC_WARN_UNDECLARED_SELECTOR = YES;
				GCC_WARN_UNINITIALIZED_AUTOS = YES_AGGRESSIVE;
				GCC_WARN_UNUSED_FUNCTION = YES;
				GCC_WARN_UNUSED_VARIABLE = YES;
				IPHONEOS_DEPLOYMENT_TARGET = 9.3;
				MTL_ENABLE_DEBUG_INFO = YES;
				ONLY_ACTIVE_ARCH = YES;
				SDKROOT = iphoneos;
				SWIFT_OPTIMIZATION_LEVEL = "-Onone";
			};
			name = Debug;
		};
		7AD9E9411D065ACE00680D9E /* Release */ = {
			isa = XCBuildConfiguration;
			buildSettings = {
				ALWAYS_SEARCH_USER_PATHS = NO;
				CLANG_ANALYZER_NONNULL = YES;
				CLANG_CXX_LANGUAGE_STANDARD = "gnu++0x";
				CLANG_CXX_LIBRARY = "libc++";
				CLANG_ENABLE_MODULES = YES;
				CLANG_ENABLE_OBJC_ARC = YES;
				CLANG_WARN_BOOL_CONVERSION = YES;
				CLANG_WARN_CONSTANT_CONVERSION = YES;
				CLANG_WARN_DIRECT_OBJC_ISA_USAGE = YES_ERROR;
				CLANG_WARN_EMPTY_BODY = YES;
				CLANG_WARN_ENUM_CONVERSION = YES;
				CLANG_WARN_INT_CONVERSION = YES;
				CLANG_WARN_OBJC_ROOT_CLASS = YES_ERROR;
				CLANG_WARN_UNREACHABLE_CODE = YES;
				CLANG_WARN__DUPLICATE_METHOD_MATCH = YES;
				"CODE_SIGN_IDENTITY[sdk=iphoneos*]" = "iPhone Developer";
				COPY_PHASE_STRIP = NO;
				DEBUG_INFORMATION_FORMAT = "dwarf-with-dsym";
				ENABLE_NS_ASSERTIONS = NO;
				ENABLE_STRICT_OBJC_MSGSEND = YES;
				GCC_C_LANGUAGE_STANDARD = gnu99;
				GCC_NO_COMMON_BLOCKS = YES;
				GCC_WARN_64_TO_32_BIT_CONVERSION = YES;
				GCC_WARN_ABOUT_RETURN_TYPE = YES_ERROR;
				GCC_WARN_UNDECLARED_SELECTOR = YES;
				GCC_WARN_UNINITIALIZED_AUTOS = YES_AGGRESSIVE;
				GCC_WARN_UNUSED_FUNCTION = YES;
				GCC_WARN_UNUSED_VARIABLE = YES;
				IPHONEOS_DEPLOYMENT_TARGET = 9.3;
				MTL_ENABLE_DEBUG_INFO = NO;
				SDKROOT = iphoneos;
				VALIDATE_PRODUCT = YES;
			};
			name = Release;
		};
		7AD9E9431D065ACE00680D9E /* Debug */ = {
			isa = XCBuildConfiguration;
			buildSettings = {
				ASSETCATALOG_COMPILER_APPICON_NAME = AppIcon;
				INFOPLIST_FILE = uzir/Info.plist;
				LD_RUNPATH_SEARCH_PATHS = "$(inherited) @executable_path/Frameworks";
				PRODUCT_BUNDLE_IDENTIFIER = yrq.uzir;
				PRODUCT_NAME = "$(TARGET_NAME)";
			};
			name = Debug;
		};
		7AD9E9441D065ACE00680D9E /* Release */ = {
			isa = XCBuildConfiguration;
			buildSettings = {
				ASSETCATALOG_COMPILER_APPICON_NAME = AppIcon;
				INFOPLIST_FILE = uzir/Info.plist;
				LD_RUNPATH_SEARCH_PATHS = "$(inherited) @executable_path/Frameworks";
				PRODUCT_BUNDLE_IDENTIFIER = yrq.uzir;
				PRODUCT_NAME = "$(TARGET_NAME)";
			};
			name = Release;
		};
		7AD9E9461D065ACE00680D9E /* Debug */ = {
			isa = XCBuildConfiguration;
			buildSettings = {
				BUNDLE_LOADER = "$(TEST_HOST)";
				INFOPLIST_FILE = uzirTests/Info.plist;
				LD_RUNPATH_SEARCH_PATHS = "$(inherited) @executable_path/Frameworks @loader_path/Frameworks";
				PRODUCT_BUNDLE_IDENTIFIER = yrq.uzirTests;
				PRODUCT_NAME = "$(TARGET_NAME)";
				TEST_HOST = "$(BUILT_PRODUCTS_DIR)/uzir.app/uzir";
			};
			name = Debug;
		};
		7AD9E9471D065ACE00680D9E /* Release */ = {
			isa = XCBuildConfiguration;
			buildSettings = {
				BUNDLE_LOADER = "$(TEST_HOST)";
				INFOPLIST_FILE = uzirTests/Info.plist;
				LD_RUNPATH_SEARCH_PATHS = "$(inherited) @executable_path/Frameworks @loader_path/Frameworks";
				PRODUCT_BUNDLE_IDENTIFIER = yrq.uzirTests;
				PRODUCT_NAME = "$(TARGET_NAME)";
				TEST_HOST = "$(BUILT_PRODUCTS_DIR)/uzir.app/uzir";
			};
			name = Release;
		};
/* End XCBuildConfiguration section */

/* Begin XCConfigurationList section */
		7AD9E91D1D065ACE00680D9E /* Build configuration list for PBXProject "uzir" */ = {
			isa = XCConfigurationList;
			buildConfigurations = (
				7AD9E9401D065ACE00680D9E /* Debug */,
				7AD9E9411D065ACE00680D9E /* Release */,
			);
			defaultConfigurationIsVisible = 0;
			defaultConfigurationName = Release;
		};
		7AD9E9421D065ACE00680D9E /* Build configuration list for PBXNativeTarget "uzir" */ = {
			isa = XCConfigurationList;
			buildConfigurations = (
				7AD9E9431D065ACE00680D9E /* Debug */,
				7AD9E9441D065ACE00680D9E /* Release */,
			);
			defaultConfigurationIsVisible = 0;
		};
		7AD9E9451D065ACE00680D9E /* Build configuration list for PBXNativeTarget "uzirTests" */ = {
			isa = XCConfigurationList;
			buildConfigurations = (
				7AD9E9461D065ACE00680D9E /* Debug */,
				7AD9E9471D065ACE00680D9E /* Release */,
			);
			defaultConfigurationIsVisible = 0;
		};
/* End XCConfigurationList section */

/* Begin XCVersionGroup section */
		7AD9E92C1D065ACE00680D9E /* uzir.xcdatamodeld */ = {
			isa = XCVersionGroup;
			children = (
				7AD9E92D1D065ACE00680D9E /* uzir.xcdatamodel */,
			);
			currentVersion = 7AD9E92D1D065ACE00680D9E /* uzir.xcdatamodel */;
			path = uzir.xcdatamodeld;
			sourceTree = "<group>";
			versionGroupType = wrapper.xcdatamodel;
		};
/* End XCVersionGroup section */
	};
	rootObject = 7AD9E91A1D065ACE00680D9E /* Project object */;
}
